
Microsoft Visual Studio Solution File, Format Version 12.00
# Visual Studio Version 17
VisualStudioVersion = 17.7.34221.43
MinimumVisualStudioVersion = 10.0.40219.1
Project("{FAE04EC0-301F-11D3-BF4B-00C04F79EFBC}") = "PiPiCSharp", "PiPiCSharp.csproj", "{C2B0B374-B8A9-4B41-8D7C-FC3FFA7FD586}"
EndProject
Global
	GlobalSection(SolutionConfigurationPlatforms) = preSolution
		Debug|Any CPU = Debug|Any CPU
		Release|Any CPU = Release|Any CPU
	EndGlobalSection
	GlobalSection(ProjectConfigurationPlatforms) = postSolution
		{C2B0B374-B8A9-4B41-8D7C-FC3FFA7FD586}.Debug|Any CPU.ActiveCfg = Debug|Any CPU
		{C2B0B374-B8A9-4B41-8D7C-FC3FFA7FD586}.Debug|Any CPU.Build.0 = Debug|Any CPU
		{C2B0B374-B8A9-4B41-8D7C-FC3FFA7FD586}.Release|Any CPU.ActiveCfg = Release|Any CPU
		{C2B0B374-B8A9-4B41-8D7C-FC3FFA7FD586}.Release|Any CPU.Build.0 = Release|Any CPU
	EndGlobalSection
	GlobalSection(SolutionProperties) = preSolution
		HideSolutionNode = FALSE
	EndGlobalSection
	GlobalSection(ExtensibilityGlobals) = postSolution
		SolutionGuid = {F8A54C45-9EDC-496C-BB38-871B91B40E29}
	EndGlobalSection
EndGlobal
